
Microsoft Visual Studio Solution File, Format Version 12.00
# Visual Studio Version 16
VisualStudioVersion = 16.0.31025.194
MinimumVisualStudioVersion = 10.0.40219.1
Project("{FAE04EC0-301F-11D3-BF4B-00C04F79EFBC}") = "ExcelExample", "ExcelExample\ExcelExample.csproj", "{88B92686-0C65-4732-9D87-165407430D3D}"
EndProject
Global
	GlobalSection(SolutionConfigurationPlatforms) = preSolution
		Debug|Any CPU = Debug|Any CPU
		Release|Any CPU = Release|Any CPU
	EndGlobalSection
	GlobalSection(ProjectConfigurationPlatforms) = postSolution
		{88B92686-0C65-4732-9D87-165407430D3D}.Debug|Any CPU.ActiveCfg = Debug|Any CPU
		{88B92686-0C65-4732-9D87-165407430D3D}.Debug|Any CPU.Build.0 = Debug|Any CPU
		{88B92686-0C65-4732-9D87-165407430D3D}.Release|Any CPU.ActiveCfg = Release|Any CPU
		{88B92686-0C65-4732-9D87-165407430D3D}.Release|Any CPU.Build.0 = Release|Any CPU
	EndGlobalSection
	GlobalSection(SolutionProperties) = preSolution
		HideSolutionNode = FALSE
	EndGlobalSection
	GlobalSection(ExtensibilityGlobals) = postSolution
		SolutionGuid = {A16FF340-6067-4CCF-A8AA-95F4531CC08D}
	EndGlobalSection
EndGlobal
